
Microsoft Visual Studio Solution File, Format Version 12.00
# Visual Studio Version 16
VisualStudioVersion = 16.0.30717.126
MinimumVisualStudioVersion = 10.0.40219.1
Project("{FAE04EC0-301F-11D3-BF4B-00C04F79EFBC}") = "LinkedListStuff_C-sharp", "LinkedListStuff_C-sharp.csproj", "{00511D40-E457-4CC2-B460-FF3CE553CF9C}"
EndProject
Global
	GlobalSection(SolutionConfigurationPlatforms) = preSolution
		Debug|Any CPU = Debug|Any CPU
		Release|Any CPU = Release|Any CPU
	EndGlobalSection
	GlobalSection(ProjectConfigurationPlatforms) = postSolution
		{00511D40-E457-4CC2-B460-FF3CE553CF9C}.Debug|Any CPU.ActiveCfg = Debug|Any CPU
		{00511D40-E457-4CC2-B460-FF3CE553CF9C}.Debug|Any CPU.Build.0 = Debug|Any CPU
		{00511D40-E457-4CC2-B460-FF3CE553CF9C}.Release|Any CPU.ActiveCfg = Release|Any CPU
		{00511D40-E457-4CC2-B460-FF3CE553CF9C}.Release|Any CPU.Build.0 = Release|Any CPU
	EndGlobalSection
	GlobalSection(SolutionProperties) = preSolution
		HideSolutionNode = FALSE
	EndGlobalSection
	GlobalSection(ExtensibilityGlobals) = postSolution
		SolutionGuid = {D89BECD2-D7DB-451E-80DB-BF4F23B60301}
	EndGlobalSection
EndGlobal
