
Microsoft Visual Studio Solution File, Format Version 12.00
# Visual Studio Version 16
VisualStudioVersion = 16.0.31112.23
MinimumVisualStudioVersion = 10.0.40219.1
Project("{FAE04EC0-301F-11D3-BF4B-00C04F79EFBC}") = "Abacus_C-sharp", "Abacus_C-sharp.csproj", "{E903C30A-9F40-4CBC-A0F6-82E43CFCE85E}"
EndProject
Global
	GlobalSection(SolutionConfigurationPlatforms) = preSolution
		Debug|Any CPU = Debug|Any CPU
		Release|Any CPU = Release|Any CPU
	EndGlobalSection
	GlobalSection(ProjectConfigurationPlatforms) = postSolution
		{E903C30A-9F40-4CBC-A0F6-82E43CFCE85E}.Debug|Any CPU.ActiveCfg = Debug|Any CPU
		{E903C30A-9F40-4CBC-A0F6-82E43CFCE85E}.Debug|Any CPU.Build.0 = Debug|Any CPU
		{E903C30A-9F40-4CBC-A0F6-82E43CFCE85E}.Release|Any CPU.ActiveCfg = Release|Any CPU
		{E903C30A-9F40-4CBC-A0F6-82E43CFCE85E}.Release|Any CPU.Build.0 = Release|Any CPU
	EndGlobalSection
	GlobalSection(SolutionProperties) = preSolution
		HideSolutionNode = FALSE
	EndGlobalSection
	GlobalSection(ExtensibilityGlobals) = postSolution
		SolutionGuid = {D2EA0B8E-4AE8-4B40-A275-57BF95EE43A9}
	EndGlobalSection
EndGlobal
