
Microsoft Visual Studio Solution File, Format Version 12.00
# Visual Studio Version 16
VisualStudioVersion = 16.0.31112.23
MinimumVisualStudioVersion = 10.0.40219.1
Project("{FAE04EC0-301F-11D3-BF4B-00C04F79EFBC}") = "StringStuff_C-sharp", "StringStuff_C-sharp.csproj", "{766925D0-7F87-4982-A875-FA4DF3799112}"
EndProject
Global
	GlobalSection(SolutionConfigurationPlatforms) = preSolution
		Debug|Any CPU = Debug|Any CPU
		Release|Any CPU = Release|Any CPU
	EndGlobalSection
	GlobalSection(ProjectConfigurationPlatforms) = postSolution
		{766925D0-7F87-4982-A875-FA4DF3799112}.Debug|Any CPU.ActiveCfg = Debug|Any CPU
		{766925D0-7F87-4982-A875-FA4DF3799112}.Debug|Any CPU.Build.0 = Debug|Any CPU
		{766925D0-7F87-4982-A875-FA4DF3799112}.Release|Any CPU.ActiveCfg = Release|Any CPU
		{766925D0-7F87-4982-A875-FA4DF3799112}.Release|Any CPU.Build.0 = Release|Any CPU
	EndGlobalSection
	GlobalSection(SolutionProperties) = preSolution
		HideSolutionNode = FALSE
	EndGlobalSection
	GlobalSection(ExtensibilityGlobals) = postSolution
		SolutionGuid = {F7D354A7-4CAE-4106-94DB-A9E2B5F7304D}
	EndGlobalSection
EndGlobal
