
Microsoft Visual Studio Solution File, Format Version 12.00
# Visual Studio Version 16
VisualStudioVersion = 16.0.31112.23
MinimumVisualStudioVersion = 10.0.40219.1
Project("{FAE04EC0-301F-11D3-BF4B-00C04F79EFBC}") = "CustomLinkedList_C-Sharp", "CustomLinkedList_C-Sharp.csproj", "{35A3CB72-F5C6-48A2-8B53-897948E3A885}"
EndProject
Global
	GlobalSection(SolutionConfigurationPlatforms) = preSolution
		Debug|Any CPU = Debug|Any CPU
		Release|Any CPU = Release|Any CPU
	EndGlobalSection
	GlobalSection(ProjectConfigurationPlatforms) = postSolution
		{35A3CB72-F5C6-48A2-8B53-897948E3A885}.Debug|Any CPU.ActiveCfg = Debug|Any CPU
		{35A3CB72-F5C6-48A2-8B53-897948E3A885}.Debug|Any CPU.Build.0 = Debug|Any CPU
		{35A3CB72-F5C6-48A2-8B53-897948E3A885}.Release|Any CPU.ActiveCfg = Release|Any CPU
		{35A3CB72-F5C6-48A2-8B53-897948E3A885}.Release|Any CPU.Build.0 = Release|Any CPU
	EndGlobalSection
	GlobalSection(SolutionProperties) = preSolution
		HideSolutionNode = FALSE
	EndGlobalSection
	GlobalSection(ExtensibilityGlobals) = postSolution
		SolutionGuid = {DE7FFD6D-C108-4604-8999-3C6D8CB3658E}
	EndGlobalSection
EndGlobal
